// !$*UTF8*$!
{
	archiveVersion = 1;
	classes = {
	};
	objectVersion = 46;
	objects = {

/* Begin PBXBuildFile section */
		C11A8B94193371E5004DD478 /* Foundation.framework in Frameworks */ = {isa = PBXBuildFile; fileRef = C11A8B93193371E5004DD478 /* Foundation.framework */; };
		C11A8B96193371E5004DD478 /* CoreGraphics.framework in Frameworks */ = {isa = PBXBuildFile; fileRef = C11A8B95193371E5004DD478 /* CoreGraphics.framework */; };
		C11A8B98193371E5004DD478 /* UIKit.framework in Frameworks */ = {isa = PBXBuildFile; fileRef = C11A8B97193371E5004DD478 /* UIKit.framework */; };
		C11A8B9E193371E5004DD478 /* InfoPlist.strings in Resources */ = {isa = PBXBuildFile; fileRef = C11A8B9C193371E5004DD478 /* InfoPlist.strings */; };
		C11A8BA0193371E5004DD478 /* main.m in Sources */ = {isa = PBXBuildFile; fileRef = C11A8B9F193371E5004DD478 /* main.m */; };
		C11A8BA4193371E5004DD478 /* AppDelegate.m in Sources */ = {isa = PBXBuildFile; fileRef = C11A8BA3193371E5004DD478 /* AppDelegate.m */; };
		C11A8BA7193371E6004DD478 /* Main_iPhone.storyboard in Resources */ = {isa = PBXBuildFile; fileRef = C11A8BA5193371E6004DD478 /* Main_iPhone.storyboard */; };
		C11A8BAA193371E6004DD478 /* Main_iPad.storyboard in Resources */ = {isa = PBXBuildFile; fileRef = C11A8BA8193371E6004DD478 /* Main_iPad.storyboard */; };
		C11A8BAD193371E6004DD478 /* ViewController.m in Sources */ = {isa = PBXBuildFile; fileRef = C11A8BAC193371E6004DD478 /* ViewController.m */; };
		C11A8BAF193371E6004DD478 /* Images.xcassets in Resources */ = {isa = PBXBuildFile; fileRef = C11A8BAE193371E6004DD478 /* Images.xcassets */; };
		C11A8BB6193371E6004DD478 /* XCTest.framework in Frameworks */ = {isa = PBXBuildFile; fileRef = C11A8BB5193371E6004DD478 /* XCTest.framework */; };
		C11A8BB7193371E6004DD478 /* Foundation.framework in Frameworks */ = {isa = PBXBuildFile; fileRef = C11A8B93193371E5004DD478 /* Foundation.framework */; };
		C11A8BB8193371E6004DD478 /* UIKit.framework in Frameworks */ = {isa = PBXBuildFile; fileRef = C11A8B97193371E5004DD478 /* UIKit.framework */; };
		C11A8BC0193371E6004DD478 /* InfoPlist.strings in Resources */ = {isa = PBXBuildFile; fileRef = C11A8BBE193371E6004DD478 /* InfoPlist.strings */; };
		C11A8BC2193371E6004DD478 /* MyQRCodeReaderTests.m in Sources */ = {isa = PBXBuildFile; fileRef = C11A8BC1193371E6004DD478 /* MyQRCodeReaderTests.m */; };
/* End PBXBuildFile section */

/* Begin PBXContainerItemProxy section */
		C11A8BB9193371E6004DD478 /* PBXContainerItemProxy */ = {
			isa = PBXContainerItemProxy;
			containerPortal = C11A8B88193371E5004DD478 /* Project object */;
			proxyType = 1;
			remoteGlobalIDString = C11A8B8F193371E5004DD478;
			remoteInfo = MyQRCodeReader;
		};
/* End PBXContainerItemProxy section */

/* Begin PBXFileReference section */
		C11A8B90193371E5004DD478 /* MyQRCodeReader.app */ = {isa = PBXFileReference; explicitFileType = wrapper.application; includeInIndex = 0; path = MyQRCodeReader.app; sourceTree = BUILT_PRODUCTS_DIR; };
		C11A8B93193371E5004DD478 /* Foundation.framework */ = {isa = PBXFileReference; lastKnownFileType = wrapper.framework; name = Foundation.framework; path = System/Library/Frameworks/Foundation.framework; sourceTree = SDKROOT; };
		C11A8B95193371E5004DD478 /* CoreGraphics.framework */ = {isa = PBXFileReference; lastKnownFileType = wrapper.framework; name = CoreGraphics.framework; path = System/Library/Frameworks/CoreGraphics.framework; sourceTree = SDKROOT; };
		C11A8B97193371E5004DD478 /* UIKit.framework */ = {isa = PBXFileReference; lastKnownFileType = wrapper.framework; name = UIKit.framework; path = System/Library/Frameworks/UIKit.framework; sourceTree = SDKROOT; };
		C11A8B9B193371E5004DD478 /* MyQRCodeReader-Info.plist */ = {isa = PBXFileReference; lastKnownFileType = text.plist.xml; path = "MyQRCodeReader-Info.plist"; sourceTree = "<group>"; };
		C11A8B9D193371E5004DD478 /* en */ = {isa = PBXFileReference; lastKnownFileType = text.plist.strings; name = en; path = en.lproj/InfoPlist.strings; sourceTree = "<group>"; };
		C11A8B9F193371E5004DD478 /* main.m */ = {isa = PBXFileReference; lastKnownFileType = sourcecode.c.objc; path = main.m; sourceTree = "<group>"; };
		C11A8BA1193371E5004DD478 /* MyQRCodeReader-Prefix.pch */ = {isa = PBXFileReference; lastKnownFileType = sourcecode.c.h; path = "MyQRCodeReader-Prefix.pch"; sourceTree = "<group>"; };
		C11A8BA2193371E5004DD478 /* AppDelegate.h */ = {isa = PBXFileReference; lastKnownFileType = sourcecode.c.h; path = AppDelegate.h; sourceTree = "<group>"; };
		C11A8BA3193371E5004DD478 /* AppDelegate.m */ = {isa = PBXFileReference; lastKnownFileType = sourcecode.c.objc; path = AppDelegate.m; sourceTree = "<group>"; };
		C11A8BA6193371E6004DD478 /* Base */ = {isa = PBXFileReference; lastKnownFileType = file.storyboard; name = Base; path = Base.lproj/Main_iPhone.storyboard; sourceTree = "<group>"; };
		C11A8BA9193371E6004DD478 /* Base */ = {isa = PBXFileReference; lastKnownFileType = file.storyboard; name = Base; path = Base.lproj/Main_iPad.storyboard; sourceTree = "<group>"; };
		C11A8BAB193371E6004DD478 /* ViewController.h */ = {isa = PBXFileReference; lastKnownFileType = sourcecode.c.h; name = ViewController.h; path = MyQRCodeReader/ViewController.h; sourceTree = "<group>"; };
		C11A8BAC193371E6004DD478 /* ViewController.m */ = {isa = PBXFileReference; lastKnownFileType = sourcecode.c.objc; name = ViewController.m; path = MyQRCodeReader/ViewController.m; sourceTree = "<group>"; };
		C11A8BAE193371E6004DD478 /* Images.xcassets */ = {isa = PBXFileReference; lastKnownFileType = folder.assetcatalog; path = Images.xcassets; sourceTree = "<group>"; };
		C11A8BB4193371E6004DD478 /* MyQRCodeReaderTests.xctest */ = {isa = PBXFileReference; explicitFileType = wrapper.cfbundle; includeInIndex = 0; path = MyQRCodeReaderTests.xctest; sourceTree = BUILT_PRODUCTS_DIR; };
		C11A8BB5193371E6004DD478 /* XCTest.framework */ = {isa = PBXFileReference; lastKnownFileType = wrapper.framework; name = XCTest.framework; path = Library/Frameworks/XCTest.framework; sourceTree = DEVELOPER_DIR; };
		C11A8BBD193371E6004DD478 /* MyQRCodeReaderTests-Info.plist */ = {isa = PBXFileReference; lastKnownFileType = text.plist.xml; path = "MyQRCodeReaderTests-Info.plist"; sourceTree = "<group>"; };
		C11A8BBF193371E6004DD478 /* en */ = {isa = PBXFileReference; lastKnownFileType = text.plist.strings; name = en; path = en.lproj/InfoPlist.strings; sourceTree = "<group>"; };
		C11A8BC1193371E6004DD478 /* MyQRCodeReaderTests.m */ = {isa = PBXFileReference; lastKnownFileType = sourcecode.c.objc; path = MyQRCodeReaderTests.m; sourceTree = "<group>"; };
/* End PBXFileReference section */

/* Begin PBXFrameworksBuildPhase section */
		C11A8B8D193371E5004DD478 /* Frameworks */ = {
			isa = PBXFrameworksBuildPhase;
			buildActionMask = 2147483647;
			files = (
				C11A8B96193371E5004DD478 /* CoreGraphics.framework in Frameworks */,
				C11A8B98193371E5004DD478 /* UIKit.framework in Frameworks */,
				C11A8B94193371E5004DD478 /* Foundation.framework in Frameworks */,
			);
			runOnlyForDeploymentPostprocessing = 0;
		};
		C11A8BB1193371E6004DD478 /* Frameworks */ = {
			isa = PBXFrameworksBuildPhase;
			buildActionMask = 2147483647;
			files = (
				C11A8BB6193371E6004DD478 /* XCTest.framework in Frameworks */,
				C11A8BB8193371E6004DD478 /* UIKit.framework in Frameworks */,
				C11A8BB7193371E6004DD478 /* Foundation.framework in Frameworks */,
			);
			runOnlyForDeploymentPostprocessing = 0;
		};
/* End PBXFrameworksBuildPhase section */

/* Begin PBXGroup section */
		C11A8B87193371E5004DD478 = {
			isa = PBXGroup;
			children = (
				C11A8B99193371E5004DD478 /* MyQRCodeReader */,
				C11A8BBB193371E6004DD478 /* MyQRCodeReaderTests */,
				C11A8B92193371E5004DD478 /* Frameworks */,
				C11A8B91193371E5004DD478 /* Products */,
			);
			sourceTree = "<group>";
		};
		C11A8B91193371E5004DD478 /* Products */ = {
			isa = PBXGroup;
			children = (
				C11A8B90193371E5004DD478 /* MyQRCodeReader.app */,
				C11A8BB4193371E6004DD478 /* MyQRCodeReaderTests.xctest */,
			);
			name = Products;
			sourceTree = "<group>";
		};
		C11A8B92193371E5004DD478 /* Frameworks */ = {
			isa = PBXGroup;
			children = (
				C11A8B93193371E5004DD478 /* Foundation.framework */,
				C11A8B95193371E5004DD478 /* CoreGraphics.framework */,
				C11A8B97193371E5004DD478 /* UIKit.framework */,
				C11A8BB5193371E6004DD478 /* XCTest.framework */,
			);
			name = Frameworks;
			sourceTree = "<group>";
		};
		C11A8B99193371E5004DD478 /* MyQRCodeReader */ = {
			isa = PBXGroup;
			children = (
				C11A8BA2193371E5004DD478 /* AppDelegate.h */,
				C11A8BA3193371E5004DD478 /* AppDelegate.m */,
				C11A8BCC1933720E004DD478 /* Storyboards */,
				C11A8BCB193371F7004DD478 /* ViewController */,
				C11A8BAE193371E6004DD478 /* Images.xcassets */,
				C11A8B9A193371E5004DD478 /* Supporting Files */,
			);
			path = MyQRCodeReader;
			sourceTree = "<group>";
		};
		C11A8B9A193371E5004DD478 /* Supporting Files */ = {
			isa = PBXGroup;
			children = (
				C11A8B9B193371E5004DD478 /* MyQRCodeReader-Info.plist */,
				C11A8B9C193371E5004DD478 /* InfoPlist.strings */,
				C11A8B9F193371E5004DD478 /* main.m */,
				C11A8BA1193371E5004DD478 /* MyQRCodeReader-Prefix.pch */,
			);
			name = "Supporting Files";
			sourceTree = "<group>";
		};
		C11A8BBB193371E6004DD478 /* MyQRCodeReaderTests */ = {
			isa = PBXGroup;
			children = (
				C11A8BC1193371E6004DD478 /* MyQRCodeReaderTests.m */,
				C11A8BBC193371E6004DD478 /* Supporting Files */,
			);
			path = MyQRCodeReaderTests;
			sourceTree = "<group>";
		};
		C11A8BBC193371E6004DD478 /* Supporting Files */ = {
			isa = PBXGroup;
			children = (
				C11A8BBD193371E6004DD478 /* MyQRCodeReaderTests-Info.plist */,
				C11A8BBE193371E6004DD478 /* InfoPlist.strings */,
			);
			name = "Supporting Files";
			sourceTree = "<group>";
		};
		C11A8BCB193371F7004DD478 /* ViewController */ = {
			isa = PBXGroup;
			children = (
				C11A8BAB193371E6004DD478 /* ViewController.h */,
				C11A8BAC193371E6004DD478 /* ViewController.m */,
			);
			name = ViewController;
			path = ..;
			sourceTree = "<group>";
		};
		C11A8BCC1933720E004DD478 /* Storyboards */ = {
			isa = PBXGroup;
			children = (
				C11A8BA5193371E6004DD478 /* Main_iPhone.storyboard */,
				C11A8BA8193371E6004DD478 /* Main_iPad.storyboard */,
			);
			name = Storyboards;
			path = ..;
			sourceTree = "<group>";
		};
/* End PBXGroup section */

/* Begin PBXNativeTarget section */
		C11A8B8F193371E5004DD478 /* MyQRCodeReader */ = {
			isa = PBXNativeTarget;
			buildConfigurationList = C11A8BC5193371E6004DD478 /* Build configuration list for PBXNativeTarget "MyQRCodeReader" */;
			buildPhases = (
				C11A8B8C193371E5004DD478 /* Sources */,
				C11A8B8D193371E5004DD478 /* Frameworks */,
				C11A8B8E193371E5004DD478 /* Resources */,
			);
			buildRules = (
			);
			dependencies = (
			);
			name = MyQRCodeReader;
			productName = MyQRCodeReader;
			productReference = C11A8B90193371E5004DD478 /* MyQRCodeReader.app */;
			productType = "com.apple.product-type.application";
		};
		C11A8BB3193371E6004DD478 /* MyQRCodeReaderTests */ = {
			isa = PBXNativeTarget;
			buildConfigurationList = C11A8BC8193371E6004DD478 /* Build configuration list for PBXNativeTarget "MyQRCodeReaderTests" */;
			buildPhases = (
				C11A8BB0193371E6004DD478 /* Sources */,
				C11A8BB1193371E6004DD478 /* Frameworks */,
				C11A8BB2193371E6004DD478 /* Resources */,
			);
			buildRules = (
			);
			dependencies = (
				C11A8BBA193371E6004DD478 /* PBXTargetDependency */,
			);
			name = MyQRCodeReaderTests;
			productName = MyQRCodeReaderTests;
			productReference = C11A8BB4193371E6004DD478 /* MyQRCodeReaderTests.xctest */;
			productType = "com.apple.product-type.bundle.unit-test";
		};
/* End PBXNativeTarget section */

/* Begin PBXProject section */
		C11A8B88193371E5004DD478 /* Project object */ = {
			isa = PBXProject;
			attributes = {
				LastUpgradeCheck = 0510;
				ORGANIZATIONNAME = "Shanshan ZHAO";
				TargetAttributes = {
					C11A8BB3193371E6004DD478 = {
						TestTargetID = C11A8B8F193371E5004DD478;
					};
				};
			};
			buildConfigurationList = C11A8B8B193371E5004DD478 /* Build configuration list for PBXProject "MyQRCodeReader" */;
			compatibilityVersion = "Xcode 3.2";
			developmentRegion = English;
			hasScannedForEncodings = 0;
			knownRegions = (
				en,
				Base,
			);
			mainGroup = C11A8B87193371E5004DD478;
			productRefGroup = C11A8B91193371E5004DD478 /* Products */;
			projectDirPath = "";
			projectRoot = "";
			targets = (
				C11A8B8F193371E5004DD478 /* MyQRCodeReader */,
				C11A8BB3193371E6004DD478 /* MyQRCodeReaderTests */,
			);
		};
/* End PBXProject section */

/* Begin PBXResourcesBuildPhase section */
		C11A8B8E193371E5004DD478 /* Resources */ = {
			isa = PBXResourcesBuildPhase;
			buildActionMask = 2147483647;
			files = (
				C11A8BAA193371E6004DD478 /* Main_iPad.storyboard in Resources */,
				C11A8BAF193371E6004DD478 /* Images.xcassets in Resources */,
				C11A8BA7193371E6004DD478 /* Main_iPhone.storyboard in Resources */,
				C11A8B9E193371E5004DD478 /* InfoPlist.strings in Resources */,
			);
			runOnlyForDeploymentPostprocessing = 0;
		};
		C11A8BB2193371E6004DD478 /* Resources */ = {
			isa = PBXResourcesBuildPhase;
			buildActionMask = 2147483647;
			files = (
				C11A8BC0193371E6004DD478 /* InfoPlist.strings in Resources */,
			);
			runOnlyForDeploymentPostprocessing = 0;
		};
/* End PBXResourcesBuildPhase section */

/* Begin PBXSourcesBuildPhase section */
		C11A8B8C193371E5004DD478 /* Sources */ = {
			isa = PBXSourcesBuildPhase;
			buildActionMask = 2147483647;
			files = (
				C11A8BAD193371E6004DD478 /* ViewController.m in Sources */,
				C11A8BA4193371E5004DD478 /* AppDelegate.m in Sources */,
				C11A8BA0193371E5004DD478 /* main.m in Sources */,
			);
			runOnlyForDeploymentPostprocessing = 0;
		};
		C11A8BB0193371E6004DD478 /* Sources */ = {
			isa = PBXSourcesBuildPhase;
			buildActionMask = 2147483647;
			files = (
				C11A8BC2193371E6004DD478 /* MyQRCodeReaderTests.m in Sources */,
			);
			runOnlyForDeploymentPostprocessing = 0;
		};
/* End PBXSourcesBuildPhase section */

/* Begin PBXTargetDependency section */
		C11A8BBA193371E6004DD478 /* PBXTargetDependency */ = {
			isa = PBXTargetDependency;
			target = C11A8B8F193371E5004DD478 /* MyQRCodeReader */;
			targetProxy = C11A8BB9193371E6004DD478 /* PBXContainerItemProxy */;
		};
/* End PBXTargetDependency section */

/* Begin PBXVariantGroup section */
		C11A8B9C193371E5004DD478 /* InfoPlist.strings */ = {
			isa = PBXVariantGroup;
			children = (
				C11A8B9D193371E5004DD478 /* en */,
			);
			name = InfoPlist.strings;
			sourceTree = "<group>";
		};
		C11A8BA5193371E6004DD478 /* Main_iPhone.storyboard */ = {
			isa = PBXVariantGroup;
			children = (
				C11A8BA6193371E6004DD478 /* Base */,
			);
			name = Main_iPhone.storyboard;
			path = MyQRCodeReader;
			sourceTree = "<group>";
		};
		C11A8BA8193371E6004DD478 /* Main_iPad.storyboard */ = {
			isa = PBXVariantGroup;
			children = (
				C11A8BA9193371E6004DD478 /* Base */,
			);
			name = Main_iPad.storyboard;
			path = MyQRCodeReader;
			sourceTree = "<group>";
		};
		C11A8BBE193371E6004DD478 /* InfoPlist.strings */ = {
			isa = PBXVariantGroup;
			children = (
				C11A8BBF193371E6004DD478 /* en */,
			);
			name = InfoPlist.strings;
			sourceTree = "<group>";
		};
/* End PBXVariantGroup section */

/* Begin XCBuildConfiguration section */
		C11A8BC3193371E6004DD478 /* Debug */ = {
			isa = XCBuildConfiguration;
			buildSettings = {
				ALWAYS_SEARCH_USER_PATHS = NO;
				CLANG_CXX_LANGUAGE_STANDARD = "gnu++0x";
				CLANG_CXX_LIBRARY = "libc++";
				CLANG_ENABLE_MODULES = YES;
				CLANG_ENABLE_OBJC_ARC = YES;
				CLANG_WARN_BOOL_CONVERSION = YES;
				CLANG_WARN_CONSTANT_CONVERSION = YES;
				CLANG_WARN_DIRECT_OBJC_ISA_USAGE = YES_ERROR;
				CLANG_WARN_EMPTY_BODY = YES;
				CLANG_WARN_ENUM_CONVERSION = YES;
				CLANG_WARN_INT_CONVERSION = YES;
				CLANG_WARN_OBJC_ROOT_CLASS = YES_ERROR;
				CLANG_WARN__DUPLICATE_METHOD_MATCH = YES;
				"CODE_SIGN_IDENTITY[sdk=iphoneos*]" = "iPhone Developer";
				COPY_PHASE_STRIP = NO;
				GCC_C_LANGUAGE_STANDARD = gnu99;
				GCC_DYNAMIC_NO_PIC = NO;
				GCC_OPTIMIZATION_LEVEL = 0;
				GCC_PREPROCESSOR_DEFINITIONS = (
					"DEBUG=1",
					"$(inherited)",
				);
				GCC_SYMBOLS_PRIVATE_EXTERN = NO;
				GCC_WARN_64_TO_32_BIT_CONVERSION = YES;
				GCC_WARN_ABOUT_RETURN_TYPE = YES_ERROR;
				GCC_WARN_UNDECLARED_SELECTOR = YES;
				GCC_WARN_UNINITIALIZED_AUTOS = YES_AGGRESSIVE;
				GCC_WARN_UNUSED_FUNCTION = YES;
				GCC_WARN_UNUSED_VARIABLE = YES;
				IPHONEOS_DEPLOYMENT_TARGET = 7.1;
				ONLY_ACTIVE_ARCH = YES;
				SDKROOT = iphoneos;
				TARGETED_DEVICE_FAMILY = "1,2";
			};
			name = Debug;
		};
		C11A8BC4193371E6004DD478 /* Release */ = {
			isa = XCBuildConfiguration;
			buildSettings = {
				ALWAYS_SEARCH_USER_PATHS = NO;
				CLANG_CXX_LANGUAGE_STANDARD = "gnu++0x";
				CLANG_CXX_LIBRARY = "libc++";
				CLANG_ENABLE_MODULES = YES;
				CLANG_ENABLE_OBJC_ARC = YES;
				CLANG_WARN_BOOL_CONVERSION = YES;
				CLANG_WARN_CONSTANT_CONVERSION = YES;
				CLANG_WARN_DIRECT_OBJC_ISA_USAGE = YES_ERROR;
				CLANG_WARN_EMPTY_BODY = YES;
				CLANG_WARN_ENUM_CONVERSION = YES;
				CLANG_WARN_INT_CONVERSION = YES;
				CLANG_WARN_OBJC_ROOT_CLASS = YES_ERROR;
				CLANG_WARN__DUPLICATE_METHOD_MATCH = YES;
				"CODE_SIGN_IDENTITY[sdk=iphoneos*]" = "iPhone Developer";
				COPY_PHASE_STRIP = YES;
				ENABLE_NS_ASSERTIONS = NO;
				GCC_C_LANGUAGE_STANDARD = gnu99;
				GCC_WARN_64_TO_32_BIT_CONVERSION = YES;
				GCC_WARN_ABOUT_RETURN_TYPE = YES_ERROR;
				GCC_WARN_UNDECLARED_SELECTOR = YES;
				GCC_WARN_UNINITIALIZED_AUTOS = YES_AGGRESSIVE;
				GCC_WARN_UNUSED_FUNCTION = YES;
				GCC_WARN_UNUSED_VARIABLE = YES;
				IPHONEOS_DEPLOYMENT_TARGET = 7.1;
				SDKROOT = iphoneos;
				TARGETED_DEVICE_FAMILY = "1,2";
				VALIDATE_PRODUCT = YES;
			};
			name = Release;
		};
		C11A8BC6193371E6004DD478 /* Debug */ = {
			isa = XCBuildConfiguration;
			buildSettings = {
				ASSETCATALOG_COMPILER_APPICON_NAME = AppIcon;
				ASSETCATALOG_COMPILER_LAUNCHIMAGE_NAME = LaunchImage;
				GCC_PRECOMPILE_PREFIX_HEADER = YES;
				GCC_PREFIX_HEADER = "MyQRCodeReader/MyQRCodeReader-Prefix.pch";
				INFOPLIST_FILE = "MyQRCodeReader/MyQRCodeReader-Info.plist";
				PRODUCT_NAME = "$(TARGET_NAME)";
				WRAPPER_EXTENSION = app;
			};
			name = Debug;
		};
		C11A8BC7193371E6004DD478 /* Release */ = {
			isa = XCBuildConfiguration;
			buildSettings = {
				ASSETCATALOG_COMPILER_APPICON_NAME = AppIcon;
				ASSETCATALOG_COMPILER_LAUNCHIMAGE_NAME = LaunchImage;
				GCC_PRECOMPILE_PREFIX_HEADER = YES;
				GCC_PREFIX_HEADER = "MyQRCodeReader/MyQRCodeReader-Prefix.pch";
				INFOPLIST_FILE = "MyQRCodeReader/MyQRCodeReader-Info.plist";
				PRODUCT_NAME = "$(TARGET_NAME)";
				WRAPPER_EXTENSION = app;
			};
			name = Release;
		};
		C11A8BC9193371E6004DD478 /* Debug */ = {
			isa = XCBuildConfiguration;
			buildSettings = {
				BUNDLE_LOADER = "$(BUILT_PRODUCTS_DIR)/MyQRCodeReader.app/MyQRCodeReader";
				FRAMEWORK_SEARCH_PATHS = (
					"$(SDKROOT)/Developer/Library/Frameworks",
					"$(inherited)",
					"$(DEVELOPER_FRAMEWORKS_DIR)",
				);
				GCC_PRECOMPILE_PREFIX_HEADER = YES;
				GCC_PREFIX_HEADER = "MyQRCodeReader/MyQRCodeReader-Prefix.pch";
				GCC_PREPROCESSOR_DEFINITIONS = (
					"DEBUG=1",
					"$(inherited)",
				);
				INFOPLIST_FILE = "MyQRCodeReaderTests/MyQRCodeReaderTests-Info.plist";
				PRODUCT_NAME = "$(TARGET_NAME)";
				TEST_HOST = "$(BUNDLE_LOADER)";
				WRAPPER_EXTENSION = xctest;
			};
			name = Debug;
		};
		C11A8BCA193371E6004DD478 /* Release */ = {
			isa = XCBuildConfiguration;
			buildSettings = {
				BUNDLE_LOADER = "$(BUILT_PRODUCTS_DIR)/MyQRCodeReader.app/MyQRCodeReader";
				FRAMEWORK_SEARCH_PATHS = (
					"$(SDKROOT)/Developer/Library/Frameworks",
					"$(inherited)",
					"$(DEVELOPER_FRAMEWORKS_DIR)",
				);
				GCC_PRECOMPILE_PREFIX_HEADER = YES;
				GCC_PREFIX_HEADER = "MyQRCodeReader/MyQRCodeReader-Prefix.pch";
				INFOPLIST_FILE = "MyQRCodeReaderTests/MyQRCodeReaderTests-Info.plist";
				PRODUCT_NAME = "$(TARGET_NAME)";
				TEST_HOST = "$(BUNDLE_LOADER)";
				WRAPPER_EXTENSION = xctest;
			};
			name = Release;
		};
/* End XCBuildConfiguration section */

/* Begin XCConfigurationList section */
		C11A8B8B193371E5004DD478 /* Build configuration list for PBXProject "MyQRCodeReader" */ = {
			isa = XCConfigurationList;
			buildConfigurations = (
				C11A8BC3193371E6004DD478 /* Debug */,
				C11A8BC4193371E6004DD478 /* Release */,
			);
			defaultConfigurationIsVisible = 0;
			defaultConfigurationName = Release;
		};
		C11A8BC5193371E6004DD478 /* Build configuration list for PBXNativeTarget "MyQRCodeReader" */ = {
			isa = XCConfigurationList;
			buildConfigurations = (
				C11A8BC6193371E6004DD478 /* Debug */,
				C11A8BC7193371E6004DD478 /* Release */,
			);
			defaultConfigurationIsVisible = 0;
		};
		C11A8BC8193371E6004DD478 /* Build configuration list for PBXNativeTarget "MyQRCodeReaderTests" */ = {
			isa = XCConfigurationList;
			buildConfigurations = (
				C11A8BC9193371E6004DD478 /* Debug */,
				C11A8BCA193371E6004DD478 /* Release */,
			);
			defaultConfigurationIsVisible = 0;
		};
/* End XCConfigurationList section */
	};
	rootObject = C11A8B88193371E5004DD478 /* Project object */;
}
